PackratFormat: 1.4
PackratVersion: 0.5.0
RVersion: 3.6.1
Repos: CRAN=https://cran.rstudio.com/

Package: BH
Source: CRAN
Version: 1.69.0-1
Hash: 15f597ed227897f4f793b6161260f4b9

Package: GlobalOptions
Source: CRAN
Version: 0.1.0
Hash: 2f51f0294c7c7f180db2834f9aee21be

Package: R6
Source: CRAN
Version: 2.4.0
Hash: 948a547c484e5bea15eee76cc53cce3f

Package: RColorBrewer
Source: CRAN
Version: 1.1-2
Hash: c0d56cd15034f395874c870141870c25

Package: Rcpp
Source: CRAN
Version: 1.0.2
Hash: d04e441a8d398e3d3a71f294c07fa94d

Package: Taxonstand
Source: CRAN
Version: 2.1
Hash: 6f1eb9030a5387191eeaff7e0415d1af
Requires: pbapply

Package: XML
Source: CRAN
Version: 3.98-1.20
Hash: bf2d8ed9d5fb16209c9fc8ceccb94cf5

Package: assertthat
Source: CRAN
Version: 0.2.1
Hash: 622be49032fe50bd42e96aaef613e209

Package: backports
Source: CRAN
Version: 1.1.4
Hash: e88df919a68845e664e019570e2251b6

Package: base64enc
Source: CRAN
Version: 0.1-3
Hash: c590d29e555926af053055e23ee79efb

Package: broom
Source: CRAN
Version: 0.5.2
Hash: 2c1abd749c826a39101a156ed0afc9be
Requires: backports, generics, purrr, stringr, reshape2, tibble, dplyr,
    tidyr

Package: causaleffect
Source: CRAN
Version: 1.3.9
Hash: 67856653775673e7081fb7cdff4435ac
Requires: XML, igraph, ggm

Package: circlize
Source: CRAN
Version: 0.4.6
Hash: e7ce105fda5e64303c85fe7f7ad3147b
Requires: GlobalOptions, colorspace, shape

Package: cli
Source: CRAN
Version: 1.1.0
Hash: bc4e54014c2049f2605ad0c3ba0cce6b
Requires: assertthat, crayon

Package: colorspace
Source: CRAN
Version: 1.4-1
Hash: 60a56e9998b8b58ee378db3dc91b27a5

Package: cowplot
Source: CRAN
Version: 1.0.0
Hash: 70e09cab441d1307901bb1f60cb61d8d
Requires: gtable, rlang, scales, ggplot2

Package: crayon
Source: CRAN
Version: 1.3.4
Hash: ff2840dd9b0d563fc80377a5a45510cd

Package: digest
Source: CRAN
Version: 0.6.20
Hash: 96694793002a72637776e3b31956cbb2

Package: dplyr
Source: CRAN
Version: 0.8.3
Hash: 201287c2b23cff8b2ef156ec8b1e57f2
Requires: BH, R6, Rcpp, assertthat, glue, magrittr, pkgconfig, plogr,
    rlang, tidyselect, tibble

Package: ellipsis
Source: CRAN
Version: 0.2.0.1
Hash: f1c603e7493506909ebbde7bee39a33f
Requires: rlang

Package: evaluate
Source: CRAN
Version: 0.14
Hash: 18306cc3bc1aec7b7360eea8a0eb0ee1

Package: fansi
Source: CRAN
Version: 0.4.0
Hash: f147621f72b561485bfffcae78c4f5d5

Package: generics
Source: CRAN
Version: 0.0.2
Hash: 4aaf002dd434e8c854611c5d11a1d58e

Package: ggm
Source: CRAN
Version: 2.3
Hash: 6e778855c122aff8ab48455c0946ae1f
Requires: igraph

Package: ggplot2
Source: CRAN
Version: 3.2.0
Hash: 3f9c63b2e40ea80716bbf249d9eeb9f4
Requires: digest, gtable, lazyeval, rlang, viridisLite, withr, scales,
    reshape2, tibble

Package: glue
Source: CRAN
Version: 1.3.1
Hash: 660bbbe3803c7cf7c9489a7d99a9c0ed

Package: gtable
Source: CRAN
Version: 0.3.0
Hash: a9e7b0666eb933a0cb36779240b4462e

Package: highr
Source: CRAN
Version: 0.8
Hash: 16aa2cc98d7b68c9d148c263c8dcdbcd

Package: htmltools
Source: CRAN
Version: 0.3.6
Hash: 4a0c306e40c3a86c22f87aaf9e639af5
Requires: Rcpp, digest

Package: igraph
Source: CRAN
Version: 1.2.4.1
Hash: 0d76047f1a1aa89e989018646a78d462
Requires: magrittr, pkgconfig

Package: jsonlite
Source: CRAN
Version: 1.6
Hash: 5f969e213e966135393e3e304abf3f49

Package: knitr
Source: CRAN
Version: 1.23
Hash: 97e380b89b7561ff23821e60296b394c
Requires: evaluate, highr, xfun, yaml, markdown, stringr

Package: labeling
Source: CRAN
Version: 0.3
Hash: ecf589b42cd284b03a4beb9665482d3e

Package: lazyeval
Source: CRAN
Version: 0.2.2
Hash: 563563691bea3cde6945a98996d7c166

Package: magrittr
Source: CRAN
Version: 1.5
Hash: bdc4d48c3135e8f3b399536ddf160df4

Package: markdown
Source: CRAN
Version: 1.0
Hash: fe604255cb83cac629aed0569c9df922
Requires: mime

Package: mime
Source: CRAN
Version: 0.7
Hash: 0d7563caf453c231b6f8c359c51eecc2

Package: munsell
Source: CRAN
Version: 0.5.0
Hash: 38d0efee9bb99bef143bde41c4ce715c
Requires: colorspace

Package: packrat
Source: CRAN
Version: 0.5.0
Hash: 498643e765d1442ba7b1160a1df3abf9

Package: pbapply
Source: CRAN
Version: 1.4-1
Hash: 51f88e8f38920a163dffd7299790d424

Package: permute
Source: CRAN
Version: 0.9-5
Hash: 0ec7207b2d094811f4e1383c417e0c1e

Package: pillar
Source: CRAN
Version: 1.4.2
Hash: 28ff1862b4e0c8761efca442e80a63d8
Requires: crayon, fansi, rlang, utf8, cli, vctrs

Package: pkgconfig
Source: CRAN
Version: 2.0.2
Hash: b0fd6ed908e150b77e5f00c6478bd58c

Package: plogr
Source: CRAN
Version: 0.2.0
Hash: 81a8008a5e7858552503935f1abe48aa

Package: plyr
Source: CRAN
Version: 1.8.4
Hash: 5c3737d7c1846e30d40c8c38110b5fcd
Requires: Rcpp

Package: purrr
Source: CRAN
Version: 0.3.2
Hash: d7bb7f62bb3af2d6510f50cb7190a060
Requires: magrittr, rlang

Package: reshape
Source: CRAN
Version: 0.8.8
Hash: 77b6a96819c0a99bbfc141526b60ce5a
Requires: plyr

Package: reshape2
Source: CRAN
Version: 1.4.3
Hash: b7ea8a2e7a9df39c2346e78bd83e26f8
Requires: Rcpp, plyr, stringr

Package: rlang
Source: CRAN
Version: 0.4.0
Hash: eabda67321fe1d477ea641ddd5d84f00

Package: rmarkdown
Source: CRAN
Version: 1.14
Hash: 3ef48feba7356d078d9d2eb36e2c4bdd
Requires: base64enc, evaluate, jsonlite, mime, xfun, yaml, htmltools,
    stringr, tinytex, knitr

Package: scales
Source: CRAN
Version: 1.0.0
Hash: f4f1b13b6774ee3122a36466d1bc50b8
Requires: R6, RColorBrewer, Rcpp, labeling, viridisLite, munsell

Package: shape
Source: CRAN
Version: 1.4.4
Hash: d9ee1bfe0f9d8e442b96dc78ac12223c

Package: stringi
Source: CRAN
Version: 1.4.3
Hash: ed2a82fc7cc668c1345223d938cdfaf2

Package: stringr
Source: CRAN
Version: 1.4.0
Hash: 67da32dbb2a7a16f2ef124336358e54a
Requires: glue, magrittr, stringi

Package: tibble
Source: CRAN
Version: 2.1.3
Hash: f59680d81ddc45fa3fcb8c07686d1d89
Requires: crayon, fansi, pkgconfig, rlang, cli, pillar

Package: tidyr
Source: CRAN
Version: 0.8.3
Hash: f9eea52e81d9a7f5551877287e6da586
Requires: Rcpp, glue, magrittr, rlang, stringi, purrr, tidyselect,
    tibble, dplyr

Package: tidyselect
Source: CRAN
Version: 0.2.5
Hash: 9ab4ed03f4b7bbdbd1db9d7a920aae1a
Requires: Rcpp, glue, rlang, purrr

Package: tinytex
Source: CRAN
Version: 0.14
Hash: b1e0f4a00fb5f5887581d3d70ca672e3
Requires: xfun

Package: utf8
Source: CRAN
Version: 1.1.4
Hash: f3f97ce59092abc8ed3fd098a59e236c

Package: vctrs
Source: CRAN
Version: 0.2.0
Hash: daf77cb3dbcacd7fb619cb3748dc215f
Requires: backports, digest, glue, rlang, zeallot, ellipsis

Package: vegan
Source: CRAN
Version: 2.5-5
Hash: 2aae3c064fb83fff37f2c9b1774a0b43
Requires: permute

Package: viridisLite
Source: CRAN
Version: 0.3.0
Hash: 78bb072c4f9e729a283d4c40ec93f9c6

Package: withr
Source: CRAN
Version: 2.1.2
Hash: d534108bcd5f34ec73e9eb523751ba20

Package: xfun
Source: CRAN
Version: 0.8
Hash: 159d3d619aa501f4d507f12b07fe0b15

Package: yaml
Source: CRAN
Version: 2.2.0
Hash: a5ad5616d83d89f8d84cbf3cf4034e13

Package: zeallot
Source: CRAN
Version: 0.1.0
Hash: 10b2ed48e202b4db421ae864041dc4b2
